Microsoft Visual Studio Solution File, Format Version 12.00
# Visual Studio Version 16
VisualStudioVersion = 16.0.30413.136
MinimumVisualStudioVersion = 10.0.40219.1
Project("{FAE04EC0-301F-11D3-BF4B-00C04F79EFBC}") = "Cairngorm", "Cairngorm\Cairngorm.csproj", "{F0C00FFC-419F-442F-B614-1980B6B8A997}"
EndProject
Project("{2150E333-8FDC-42A3-9474-1A3956D46DE8}") = "Solution Items", "Solution Items", "{667C8E76-419C-4881-A584-1788CB96639C}"
	ProjectSection(SolutionItems) = preProject
		README.ja.md = README.ja.md
		README.md = README.md
	EndProjectSection
EndProject
Global
	GlobalSection(SolutionConfigurationPlatforms) = preSolution
		Debug|Any CPU = Debug|Any CPU
		Release|Any CPU = Release|Any CPU
	EndGlobalSection
	GlobalSection(ProjectConfigurationPlatforms) = postSolution
		{F0C00FFC-419F-442F-B614-1980B6B8A997}.Debug|Any CPU.ActiveCfg = Debug|Any CPU
		{F0C00FFC-419F-442F-B614-1980B6B8A997}.Debug|Any CPU.Build.0 = Debug|Any CPU
		{F0C00FFC-419F-442F-B614-1980B6B8A997}.Release|Any CPU.ActiveCfg = Release|Any CPU
		{F0C00FFC-419F-442F-B614-1980B6B8A997}.Release|Any CPU.Build.0 = Release|Any CPU
	EndGlobalSection
	GlobalSection(SolutionProperties) = preSolution
		HideSolutionNode = FALSE
	EndGlobalSection
	GlobalSection(ExtensibilityGlobals) = postSolution
		SolutionGuid = {3D41992B-D1CC-44A6-8417-AC511534D2DD}
	EndGlobalSection
EndGlobal
